
Microsoft Visual Studio Solution File, Format Version 12.00
# Visual Studio 15
Project("{FAE04EC0-301F-11D3-BF4B-00C04F79EFBC}") = "UnityEditor.UI", "UnityEditor.UI.csproj", "{2EA9C70F-830B-12FA-9D00-1C59137F9266}"
EndProject
Project("{FAE04EC0-301F-11D3-BF4B-00C04F79EFBC}") = "UnityEngine.UI", "UnityEngine.UI.csproj", "{5AB09256-C57F-BFA0-5887-4EAD28FD03E0}"
EndProject
Project("{FAE04EC0-301F-11D3-BF4B-00C04F79EFBC}") = "Assembly-CSharp", "Assembly-CSharp.csproj", "{15DCF4D4-C92D-D7D8-1EDE-9B62906D5B60}"
EndProject
Global
	GlobalSection(SolutionConfigurationPlatforms) = preSolution
		Debug|Any CPU = Debug|Any CPU
		Release|Any CPU = Release|Any CPU
	EndGlobalSection
	GlobalSection(ProjectConfigurationPlatforms) = postSolution
		{2EA9C70F-830B-12FA-9D00-1C59137F9266}.Debug|Any CPU.ActiveCfg = Debug|Any CPU
		{2EA9C70F-830B-12FA-9D00-1C59137F9266}.Debug|Any CPU.Build.0 = Debug|Any CPU
		{2EA9C70F-830B-12FA-9D00-1C59137F9266}.Release|Any CPU.ActiveCfg = Release|Any CPU
		{2EA9C70F-830B-12FA-9D00-1C59137F9266}.Release|Any CPU.Build.0 = Release|Any CPU
		{5AB09256-C57F-BFA0-5887-4EAD28FD03E0}.Debug|Any CPU.ActiveCfg = Debug|Any CPU
		{5AB09256-C57F-BFA0-5887-4EAD28FD03E0}.Debug|Any CPU.Build.0 = Debug|Any CPU
		{5AB09256-C57F-BFA0-5887-4EAD28FD03E0}.Release|Any CPU.ActiveCfg = Release|Any CPU
		{5AB09256-C57F-BFA0-5887-4EAD28FD03E0}.Release|Any CPU.Build.0 = Release|Any CPU
		{15DCF4D4-C92D-D7D8-1EDE-9B62906D5B60}.Debug|Any CPU.ActiveCfg = Debug|Any CPU
		{15DCF4D4-C92D-D7D8-1EDE-9B62906D5B60}.Debug|Any CPU.Build.0 = Debug|Any CPU
		{15DCF4D4-C92D-D7D8-1EDE-9B62906D5B60}.Release|Any CPU.ActiveCfg = Release|Any CPU
		{15DCF4D4-C92D-D7D8-1EDE-9B62906D5B60}.Release|Any CPU.Build.0 = Release|Any CPU
	EndGlobalSection
	GlobalSection(SolutionProperties) = preSolution
		HideSolutionNode = FALSE
	EndGlobalSection
EndGlobal
